
Microsoft Visual Studio Solution File, Format Version 12.00
# Visual Studio Version 17
VisualStudioVersion = 17.11.35327.3
MinimumVisualStudioVersion = 10.0.40219.1
Project("{9A19103F-16F7-4668-BE54-9A1E7A4F7556}") = "BusinessObject", "BusinessObject\BusinessObject.csproj", "{8DFF295F-010A-4A43-9DAA-D146095DF287}"
EndProject
Project("{9A19103F-16F7-4668-BE54-9A1E7A4F7556}") = "DataAccess", "DataAccess\DataAccess.csproj", "{BD952F20-6C80-43A4-A7B7-B79D42784BB6}"
EndProject
Project("{9A19103F-16F7-4668-BE54-9A1E7A4F7556}") = "Repositories", "Repositories\Repositories.csproj", "{BB7FBFB8-4016-49B5-8316-9374AA69EDAD}"
EndProject
Project("{9A19103F-16F7-4668-BE54-9A1E7A4F7556}") = "DTO", "DTO\DTO.csproj", "{F1D7196D-1E89-4EA6-B8EF-8BFC044C4D34}"
EndProject
Project("{FAE04EC0-301F-11D3-BF4B-00C04F79EFBC}") = "API", "API\API.csproj", "{D80067A1-F6ED-4EEB-924C-50508B84B517}"
EndProject
Global
	GlobalSection(SolutionConfigurationPlatforms) = preSolution
		Debug|Any CPU = Debug|Any CPU
		Release|Any CPU = Release|Any CPU
	EndGlobalSection
	GlobalSection(ProjectConfigurationPlatforms) = postSolution
		{8DFF295F-010A-4A43-9DAA-D146095DF287}.Debug|Any CPU.ActiveCfg = Debug|Any CPU
		{8DFF295F-010A-4A43-9DAA-D146095DF287}.Debug|Any CPU.Build.0 = Debug|Any CPU
		{8DFF295F-010A-4A43-9DAA-D146095DF287}.Release|Any CPU.ActiveCfg = Release|Any CPU
		{8DFF295F-010A-4A43-9DAA-D146095DF287}.Release|Any CPU.Build.0 = Release|Any CPU
		{BD952F20-6C80-43A4-A7B7-B79D42784BB6}.Debug|Any CPU.ActiveCfg = Debug|Any CPU
		{BD952F20-6C80-43A4-A7B7-B79D42784BB6}.Debug|Any CPU.Build.0 = Debug|Any CPU
		{BD952F20-6C80-43A4-A7B7-B79D42784BB6}.Release|Any CPU.ActiveCfg = Release|Any CPU
		{BD952F20-6C80-43A4-A7B7-B79D42784BB6}.Release|Any CPU.Build.0 = Release|Any CPU
		{BB7FBFB8-4016-49B5-8316-9374AA69EDAD}.Debug|Any CPU.ActiveCfg = Debug|Any CPU
		{BB7FBFB8-4016-49B5-8316-9374AA69EDAD}.Debug|Any CPU.Build.0 = Debug|Any CPU
		{BB7FBFB8-4016-49B5-8316-9374AA69EDAD}.Release|Any CPU.ActiveCfg = Release|Any CPU
		{BB7FBFB8-4016-49B5-8316-9374AA69EDAD}.Release|Any CPU.Build.0 = Release|Any CPU
		{F1D7196D-1E89-4EA6-B8EF-8BFC044C4D34}.Debug|Any CPU.ActiveCfg = Debug|Any CPU
		{F1D7196D-1E89-4EA6-B8EF-8BFC044C4D34}.Debug|Any CPU.Build.0 = Debug|Any CPU
		{F1D7196D-1E89-4EA6-B8EF-8BFC044C4D34}.Release|Any CPU.ActiveCfg = Release|Any CPU
		{F1D7196D-1E89-4EA6-B8EF-8BFC044C4D34}.Release|Any CPU.Build.0 = Release|Any CPU
		{D80067A1-F6ED-4EEB-924C-50508B84B517}.Debug|Any CPU.ActiveCfg = Debug|Any CPU
		{D80067A1-F6ED-4EEB-924C-50508B84B517}.Debug|Any CPU.Build.0 = Debug|Any CPU
		{D80067A1-F6ED-4EEB-924C-50508B84B517}.Release|Any CPU.ActiveCfg = Release|Any CPU
		{D80067A1-F6ED-4EEB-924C-50508B84B517}.Release|Any CPU.Build.0 = Release|Any CPU
	EndGlobalSection
	GlobalSection(SolutionProperties) = preSolution
		HideSolutionNode = FALSE
	EndGlobalSection
	GlobalSection(ExtensibilityGlobals) = postSolution
		SolutionGuid = {D4455B96-397B-45E7-8F01-D3308719AF00}
	EndGlobalSection
EndGlobal
